
Microsoft Visual Studio Solution File, Format Version 12.00
# Visual Studio Version 17
VisualStudioVersion = 17.9.34616.47
MinimumVisualStudioVersion = 10.0.40219.1
Project("{FAE04EC0-301F-11D3-BF4B-00C04F79EFBC}") = "CoffeeManager", "CoffeeManager.csproj", "{02A298D1-5442-429B-A86B-4035F7F7DA10}"
EndProject
Global
	GlobalSection(SolutionConfigurationPlatforms) = preSolution
		Debug|Any CPU = Debug|Any CPU
		Release|Any CPU = Release|Any CPU
	EndGlobalSection
	GlobalSection(ProjectConfigurationPlatforms) = postSolution
		{02A298D1-5442-429B-A86B-4035F7F7DA10}.Debug|Any CPU.ActiveCfg = Debug|Any CPU
		{02A298D1-5442-429B-A86B-4035F7F7DA10}.Debug|Any CPU.Build.0 = Debug|Any CPU
		{02A298D1-5442-429B-A86B-4035F7F7DA10}.Release|Any CPU.ActiveCfg = Release|Any CPU
		{02A298D1-5442-429B-A86B-4035F7F7DA10}.Release|Any CPU.Build.0 = Release|Any CPU
	EndGlobalSection
	GlobalSection(SolutionProperties) = preSolution
		HideSolutionNode = FALSE
	EndGlobalSection
	GlobalSection(ExtensibilityGlobals) = postSolution
		SolutionGuid = {24E22B44-15BE-47DC-BDA9-A3151B30A3E2}
	EndGlobalSection
EndGlobal
